
Microsoft Visual Studio Solution File, Format Version 12.00
# Visual Studio Version 17
VisualStudioVersion = 17.3.32825.248
MinimumVisualStudioVersion = 10.0.40219.1
Project("{FAE04EC0-301F-11D3-BF4B-00C04F79EFBC}") = "BookReviewTests", "BookReviewTests\BookReviewTests.csproj", "{53CE865F-2BE9-4C68-B7A6-6994D043F96D}"
EndProject
Project("{FAE04EC0-301F-11D3-BF4B-00C04F79EFBC}") = "BookReviews", "BookReviews\BookReviews.csproj", "{023E174E-D3C0-47F5-8337-A5DACCAD56C3}"
EndProject
Global
	GlobalSection(SolutionConfigurationPlatforms) = preSolution
		Debug|Any CPU = Debug|Any CPU
		Release|Any CPU = Release|Any CPU
	EndGlobalSection
	GlobalSection(ProjectConfigurationPlatforms) = postSolution
		{53CE865F-2BE9-4C68-B7A6-6994D043F96D}.Debug|Any CPU.ActiveCfg = Debug|Any CPU
		{53CE865F-2BE9-4C68-B7A6-6994D043F96D}.Debug|Any CPU.Build.0 = Debug|Any CPU
		{53CE865F-2BE9-4C68-B7A6-6994D043F96D}.Release|Any CPU.ActiveCfg = Release|Any CPU
		{53CE865F-2BE9-4C68-B7A6-6994D043F96D}.Release|Any CPU.Build.0 = Release|Any CPU
		{023E174E-D3C0-47F5-8337-A5DACCAD56C3}.Debug|Any CPU.ActiveCfg = Debug|Any CPU
		{023E174E-D3C0-47F5-8337-A5DACCAD56C3}.Debug|Any CPU.Build.0 = Debug|Any CPU
		{023E174E-D3C0-47F5-8337-A5DACCAD56C3}.Release|Any CPU.ActiveCfg = Release|Any CPU
		{023E174E-D3C0-47F5-8337-A5DACCAD56C3}.Release|Any CPU.Build.0 = Release|Any CPU
	EndGlobalSection
	GlobalSection(SolutionProperties) = preSolution
		HideSolutionNode = FALSE
	EndGlobalSection
	GlobalSection(ExtensibilityGlobals) = postSolution
		SolutionGuid = {DF919766-4CE0-4BC2-ABA8-D089A9C44CD1}
	EndGlobalSection
EndGlobal
